
Microsoft Visual Studio Solution File, Format Version 12.00
# Visual Studio Version 17
VisualStudioVersion = 17.8.34511.84
MinimumVisualStudioVersion = 10.0.40219.1
Project("{9A19103F-16F7-4668-BE54-9A1E7A4F7556}") = "LambdaAlexaPelis", "LambdaAlexaPelis\LambdaAlexaPelis.csproj", "{FC48EF84-2E75-4498-916A-9F5376C37B0E}"
EndProject
Global
	GlobalSection(SolutionConfigurationPlatforms) = preSolution
		Debug|Any CPU = Debug|Any CPU
		Release|Any CPU = Release|Any CPU
	EndGlobalSection
	GlobalSection(ProjectConfigurationPlatforms) = postSolution
		{FC48EF84-2E75-4498-916A-9F5376C37B0E}.Debug|Any CPU.ActiveCfg = Debug|Any CPU
		{FC48EF84-2E75-4498-916A-9F5376C37B0E}.Debug|Any CPU.Build.0 = Debug|Any CPU
		{FC48EF84-2E75-4498-916A-9F5376C37B0E}.Release|Any CPU.ActiveCfg = Release|Any CPU
		{FC48EF84-2E75-4498-916A-9F5376C37B0E}.Release|Any CPU.Build.0 = Release|Any CPU
	EndGlobalSection
	GlobalSection(SolutionProperties) = preSolution
		HideSolutionNode = FALSE
	EndGlobalSection
	GlobalSection(ExtensibilityGlobals) = postSolution
		SolutionGuid = {B67A495A-DAD3-4A08-897C-A6696DBAD209}
	EndGlobalSection
EndGlobal
