
Microsoft Visual Studio Solution File, Format Version 12.00
# Visual Studio Version 17
VisualStudioVersion = 17.8.34511.84
MinimumVisualStudioVersion = 10.0.40219.1
Project("{FAE04EC0-301F-11D3-BF4B-00C04F79EFBC}") = "ReceiverSQSConsole", "ReceiverSQSConsole\ReceiverSQSConsole.csproj", "{8493FC47-17E2-4D1E-9599-D2332766B15E}"
EndProject
Global
	GlobalSection(SolutionConfigurationPlatforms) = preSolution
		Debug|Any CPU = Debug|Any CPU
		Release|Any CPU = Release|Any CPU
	EndGlobalSection
	GlobalSection(ProjectConfigurationPlatforms) = postSolution
		{8493FC47-17E2-4D1E-9599-D2332766B15E}.Debug|Any CPU.ActiveCfg = Debug|Any CPU
		{8493FC47-17E2-4D1E-9599-D2332766B15E}.Debug|Any CPU.Build.0 = Debug|Any CPU
		{8493FC47-17E2-4D1E-9599-D2332766B15E}.Release|Any CPU.ActiveCfg = Release|Any CPU
		{8493FC47-17E2-4D1E-9599-D2332766B15E}.Release|Any CPU.Build.0 = Release|Any CPU
	EndGlobalSection
	GlobalSection(SolutionProperties) = preSolution
		HideSolutionNode = FALSE
	EndGlobalSection
	GlobalSection(ExtensibilityGlobals) = postSolution
		SolutionGuid = {ADBCCAE1-FFA2-4CF9-A177-1CE80E280562}
	EndGlobalSection
EndGlobal
