
Microsoft Visual Studio Solution File, Format Version 12.00
# Visual Studio Version 17
VisualStudioVersion = 17.8.34511.84
MinimumVisualStudioVersion = 10.0.40219.1
Project("{9A19103F-16F7-4668-BE54-9A1E7A4F7556}") = "ApiPersonajesAWSCorrecto", "ApiPersonajesAWSCorrecto\ApiPersonajesAWSCorrecto.csproj", "{664B285B-C7B7-4DD1-9931-5FBB8A1DB304}"
EndProject
Global
	GlobalSection(SolutionConfigurationPlatforms) = preSolution
		Debug|Any CPU = Debug|Any CPU
		Release|Any CPU = Release|Any CPU
	EndGlobalSection
	GlobalSection(ProjectConfigurationPlatforms) = postSolution
		{664B285B-C7B7-4DD1-9931-5FBB8A1DB304}.Debug|Any CPU.ActiveCfg = Debug|Any CPU
		{664B285B-C7B7-4DD1-9931-5FBB8A1DB304}.Debug|Any CPU.Build.0 = Debug|Any CPU
		{664B285B-C7B7-4DD1-9931-5FBB8A1DB304}.Release|Any CPU.ActiveCfg = Release|Any CPU
		{664B285B-C7B7-4DD1-9931-5FBB8A1DB304}.Release|Any CPU.Build.0 = Release|Any CPU
	EndGlobalSection
	GlobalSection(SolutionProperties) = preSolution
		HideSolutionNode = FALSE
	EndGlobalSection
	GlobalSection(ExtensibilityGlobals) = postSolution
		SolutionGuid = {A028E663-0466-4FF7-9CB6-6D61A983D3D1}
	EndGlobalSection
EndGlobal
